
Microsoft Visual Studio Solution File, Format Version 12.00
# Visual Studio Version 16
VisualStudioVersion = 16.0.29806.167
MinimumVisualStudioVersion = 10.0.40219.1
Project("{8BC9CEB8-8B4A-11D0-8D11-00A0C91BC942}") = "salesman", "salesman.vcxproj", "{BD9716B7-6D59-470D-AA2F-707EC075B184}"
EndProject
Global
	GlobalSection(SolutionConfigurationPlatforms) = preSolution
		Debug|x64 = Debug|x64
		Debug|x86 = Debug|x86
		Release|x64 = Release|x64
		Release|x86 = Release|x86
	EndGlobalSection
	GlobalSection(ProjectConfigurationPlatforms) = postSolution
		{BD9716B7-6D59-470D-AA2F-707EC075B184}.Debug|x64.ActiveCfg = Debug|x64
		{BD9716B7-6D59-470D-AA2F-707EC075B184}.Debug|x64.Build.0 = Debug|x64
		{BD9716B7-6D59-470D-AA2F-707EC075B184}.Debug|x86.ActiveCfg = Debug|Win32
		{BD9716B7-6D59-470D-AA2F-707EC075B184}.Debug|x86.Build.0 = Debug|Win32
		{BD9716B7-6D59-470D-AA2F-707EC075B184}.Release|x64.ActiveCfg = Release|x64
		{BD9716B7-6D59-470D-AA2F-707EC075B184}.Release|x64.Build.0 = Release|x64
		{BD9716B7-6D59-470D-AA2F-707EC075B184}.Release|x86.ActiveCfg = Release|Win32
		{BD9716B7-6D59-470D-AA2F-707EC075B184}.Release|x86.Build.0 = Release|Win32
	EndGlobalSection
	GlobalSection(SolutionProperties) = preSolution
		HideSolutionNode = FALSE
	EndGlobalSection
	GlobalSection(ExtensibilityGlobals) = postSolution
		SolutionGuid = {68113CD3-AFEF-4538-B1C5-6C68A3C436D6}
	EndGlobalSection
EndGlobal
